
Microsoft Visual Studio Solution File, Format Version 12.00
# Visual Studio Version 17
VisualStudioVersion = 17.11.35312.102
MinimumVisualStudioVersion = 10.0.40219.1
Project("{FAE04EC0-301F-11D3-BF4B-00C04F79EFBC}") = "SampleBuggingProj", "SampleBuggingProj.csproj", "{608FC900-94B5-42C9-A932-AE34F290665E}"
EndProject
Global
	GlobalSection(SolutionConfigurationPlatforms) = preSolution
		Debug|Any CPU = Debug|Any CPU
		Release|Any CPU = Release|Any CPU
	EndGlobalSection
	GlobalSection(ProjectConfigurationPlatforms) = postSolution
		{608FC900-94B5-42C9-A932-AE34F290665E}.Debug|Any CPU.ActiveCfg = Debug|Any CPU
		{608FC900-94B5-42C9-A932-AE34F290665E}.Debug|Any CPU.Build.0 = Debug|Any CPU
		{608FC900-94B5-42C9-A932-AE34F290665E}.Debug|Any CPU.Deploy.0 = Debug|Any CPU
		{608FC900-94B5-42C9-A932-AE34F290665E}.Release|Any CPU.ActiveCfg = Release|Any CPU
		{608FC900-94B5-42C9-A932-AE34F290665E}.Release|Any CPU.Build.0 = Release|Any CPU
		{608FC900-94B5-42C9-A932-AE34F290665E}.Release|Any CPU.Deploy.0 = Release|Any CPU
	EndGlobalSection
	GlobalSection(SolutionProperties) = preSolution
		HideSolutionNode = FALSE
	EndGlobalSection
	GlobalSection(ExtensibilityGlobals) = postSolution
		SolutionGuid = {E23435F9-CC61-47F8-BDC2-442D3EA89816}
	EndGlobalSection
EndGlobal
